
Microsoft Visual Studio Solution File, Format Version 12.00
# Visual Studio 15
VisualStudioVersion = 15.0.28307.489
MinimumVisualStudioVersion = 10.0.40219.1
Project("{FAE04EC0-301F-11D3-BF4B-00C04F79EFBC}") = "LatvanyossagokApplication", "LatvanyossagokApplication\LatvanyossagokApplication.csproj", "{2B61BB09-36FE-479E-A11D-D41B38A4F65F}"
EndProject
Global
	GlobalSection(SolutionConfigurationPlatforms) = preSolution
		Debug|Any CPU = Debug|Any CPU
		Release|Any CPU = Release|Any CPU
	EndGlobalSection
	GlobalSection(ProjectConfigurationPlatforms) = postSolution
		{2B61BB09-36FE-479E-A11D-D41B38A4F65F}.Debug|Any CPU.ActiveCfg = Debug|Any CPU
		{2B61BB09-36FE-479E-A11D-D41B38A4F65F}.Debug|Any CPU.Build.0 = Debug|Any CPU
		{2B61BB09-36FE-479E-A11D-D41B38A4F65F}.Release|Any CPU.ActiveCfg = Release|Any CPU
		{2B61BB09-36FE-479E-A11D-D41B38A4F65F}.Release|Any CPU.Build.0 = Release|Any CPU
	EndGlobalSection
	GlobalSection(SolutionProperties) = preSolution
		HideSolutionNode = FALSE
	EndGlobalSection
	GlobalSection(ExtensibilityGlobals) = postSolution
		SolutionGuid = {F3A5776D-6D63-4592-98EC-5298EE6882F2}
	EndGlobalSection
EndGlobal
